
Microsoft Visual Studio Solution File, Format Version 11.00
# Visual C# Express 2010
Project("{FAE04EC0-301F-11D3-BF4B-00C04F79EFBC}") = "steam_checker", "steam_checker.csproj", "{156886E3-1315-4B9B-87DB-A239CC04E439}"
EndProject
Global
	GlobalSection(SolutionConfigurationPlatforms) = preSolution
		Debug|x86 = Debug|x86
		Release|x86 = Release|x86
	EndGlobalSection
	GlobalSection(ProjectConfigurationPlatforms) = postSolution
		{156886E3-1315-4B9B-87DB-A239CC04E439}.Debug|x86.ActiveCfg = Debug|x86
		{156886E3-1315-4B9B-87DB-A239CC04E439}.Debug|x86.Build.0 = Debug|x86
		{156886E3-1315-4B9B-87DB-A239CC04E439}.Release|x86.ActiveCfg = Release|x86
		{156886E3-1315-4B9B-87DB-A239CC04E439}.Release|x86.Build.0 = Release|x86
	EndGlobalSection
	GlobalSection(SolutionProperties) = preSolution
		HideSolutionNode = FALSE
	EndGlobalSection
EndGlobal
